<?xml version="1.0" encoding="utf-8"?>
<Project ToolsVersion="17.0" xmlns="http://schemas.microsoft.com/developer/msbuild/2003">
  <ItemGroup>
    <CustomBuild Include="C:\Users\kevin\Documents\GITHUB\Flutter Projects\Flutter_pokedex\windows\CMakeFiles\8cb0e4d46e32159e81039c74bd3011fc\INSTALL_force.rule">
      <Filter>CMake Rules</Filter>
    </CustomBuild>
  </ItemGroup>
  <ItemGroup>
    <Filter Include="CMake Rules">
      <UniqueIdentifier>{B5CD0CFD-3070-379F-8EA0-5C2EF1E74215}</UniqueIdentifier>
    </Filter>
  </ItemGroup>
</Project>
