
Microsoft Visual Studio Solution File, Format Version 12.00
# Visual Studio Version 17
Project("{8BC9CEB8-8B4A-11D0-8D11-00A0C91BC942}") = "ALL_BUILD", "ALL_BUILD.vcxproj", "{E8C7CF81-2167-3A28-9050-FD43D35B9CE3}"
	ProjectSection(ProjectDependencies) = postProject
		{727CDDE8-BDD7-3ED4-87CB-3566A3FAEFC5} = {727CDDE8-BDD7-3ED4-87CB-3566A3FAEFC5}
		{A29872B5-3DC2-3753-B85A-52C99EE5A8D6} = {A29872B5-3DC2-3753-B85A-52C99EE5A8D6}
	EndProjectSection
EndProject
Project("{8BC9CEB8-8B4A-11D0-8D11-00A0C91BC942}") = "INSTALL", "INSTALL.vcxproj", "{D15E911A-C2FC-3ACC-AE33-DD3CECF299EB}"
	ProjectSection(ProjectDependencies) = postProject
		{E8C7CF81-2167-3A28-9050-FD43D35B9CE3} = {E8C7CF81-2167-3A28-9050-FD43D35B9CE3}
		{727CDDE8-BDD7-3ED4-87CB-3566A3FAEFC5} = {727CDDE8-BDD7-3ED4-87CB-3566A3FAEFC5}
	EndProjectSection
EndProject
Project("{8BC9CEB8-8B4A-11D0-8D11-00A0C91BC942}") = "ZERO_CHECK", "..\\ZERO_CHECK.vcxproj", "{727CDDE8-BDD7-3ED4-87CB-3566A3FAEFC5}"
	ProjectSection(ProjectDependencies) = postProject
	EndProjectSection
EndProject
Project("{8BC9CEB8-8B4A-11D0-8D11-00A0C91BC942}") = "flutter_assemble", "..\flutter\flutter_assemble.vcxproj", "{6D7B8AB9-AFBE-30D6-B02F-4FF67E21A01C}"
	ProjectSection(ProjectDependencies) = postProject
		{727CDDE8-BDD7-3ED4-87CB-3566A3FAEFC5} = {727CDDE8-BDD7-3ED4-87CB-3566A3FAEFC5}
	EndProjectSection
EndProject
Project("{8BC9CEB8-8B4A-11D0-8D11-00A0C91BC942}") = "flutter_pokedex", "flutter_pokedex.vcxproj", "{A29872B5-3DC2-3753-B85A-52C99EE5A8D6}"
	ProjectSection(ProjectDependencies) = postProject
		{727CDDE8-BDD7-3ED4-87CB-3566A3FAEFC5} = {727CDDE8-BDD7-3ED4-87CB-3566A3FAEFC5}
		{6D7B8AB9-AFBE-30D6-B02F-4FF67E21A01C} = {6D7B8AB9-AFBE-30D6-B02F-4FF67E21A01C}
		{F9B759A1-EE15-3F95-93D3-76A3A14E42DF} = {F9B759A1-EE15-3F95-93D3-76A3A14E42DF}
	EndProjectSection
EndProject
Project("{8BC9CEB8-8B4A-11D0-8D11-00A0C91BC942}") = "flutter_wrapper_app", "..\flutter\flutter_wrapper_app.vcxproj", "{F9B759A1-EE15-3F95-93D3-76A3A14E42DF}"
	ProjectSection(ProjectDependencies) = postProject
		{727CDDE8-BDD7-3ED4-87CB-3566A3FAEFC5} = {727CDDE8-BDD7-3ED4-87CB-3566A3FAEFC5}
		{6D7B8AB9-AFBE-30D6-B02F-4FF67E21A01C} = {6D7B8AB9-AFBE-30D6-B02F-4FF67E21A01C}
	EndProjectSection
EndProject
Global
	GlobalSection(SolutionConfigurationPlatforms) = preSolution
		Debug|x64 = Debug|x64
		Profile|x64 = Profile|x64
		Release|x64 = Release|x64
	EndGlobalSection
	GlobalSection(ProjectConfigurationPlatforms) = postSolution
		{E8C7CF81-2167-3A28-9050-FD43D35B9CE3}.Debug|x64.ActiveCfg = Debug|x64
		{E8C7CF81-2167-3A28-9050-FD43D35B9CE3}.Debug|x64.Build.0 = Debug|x64
		{E8C7CF81-2167-3A28-9050-FD43D35B9CE3}.Profile|x64.ActiveCfg = Profile|x64
		{E8C7CF81-2167-3A28-9050-FD43D35B9CE3}.Profile|x64.Build.0 = Profile|x64
		{E8C7CF81-2167-3A28-9050-FD43D35B9CE3}.Release|x64.ActiveCfg = Release|x64
		{E8C7CF81-2167-3A28-9050-FD43D35B9CE3}.Release|x64.Build.0 = Release|x64
		{D15E911A-C2FC-3ACC-AE33-DD3CECF299EB}.Debug|x64.ActiveCfg = Debug|x64
		{D15E911A-C2FC-3ACC-AE33-DD3CECF299EB}.Profile|x64.ActiveCfg = Profile|x64
		{D15E911A-C2FC-3ACC-AE33-DD3CECF299EB}.Release|x64.ActiveCfg = Release|x64
		{727CDDE8-BDD7-3ED4-87CB-3566A3FAEFC5}.Debug|x64.ActiveCfg = Debug|x64
		{727CDDE8-BDD7-3ED4-87CB-3566A3FAEFC5}.Debug|x64.Build.0 = Debug|x64
		{727CDDE8-BDD7-3ED4-87CB-3566A3FAEFC5}.Profile|x64.ActiveCfg = Profile|x64
		{727CDDE8-BDD7-3ED4-87CB-3566A3FAEFC5}.Profile|x64.Build.0 = Profile|x64
		{727CDDE8-BDD7-3ED4-87CB-3566A3FAEFC5}.Release|x64.ActiveCfg = Release|x64
		{727CDDE8-BDD7-3ED4-87CB-3566A3FAEFC5}.Release|x64.Build.0 = Release|x64
		{6D7B8AB9-AFBE-30D6-B02F-4FF67E21A01C}.Debug|x64.ActiveCfg = Debug|x64
		{6D7B8AB9-AFBE-30D6-B02F-4FF67E21A01C}.Debug|x64.Build.0 = Debug|x64
		{6D7B8AB9-AFBE-30D6-B02F-4FF67E21A01C}.Profile|x64.ActiveCfg = Profile|x64
		{6D7B8AB9-AFBE-30D6-B02F-4FF67E21A01C}.Profile|x64.Build.0 = Profile|x64
		{6D7B8AB9-AFBE-30D6-B02F-4FF67E21A01C}.Release|x64.ActiveCfg = Release|x64
		{6D7B8AB9-AFBE-30D6-B02F-4FF67E21A01C}.Release|x64.Build.0 = Release|x64
		{A29872B5-3DC2-3753-B85A-52C99EE5A8D6}.Debug|x64.ActiveCfg = Debug|x64
		{A29872B5-3DC2-3753-B85A-52C99EE5A8D6}.Debug|x64.Build.0 = Debug|x64
		{A29872B5-3DC2-3753-B85A-52C99EE5A8D6}.Profile|x64.ActiveCfg = Profile|x64
		{A29872B5-3DC2-3753-B85A-52C99EE5A8D6}.Profile|x64.Build.0 = Profile|x64
		{A29872B5-3DC2-3753-B85A-52C99EE5A8D6}.Release|x64.ActiveCfg = Release|x64
		{A29872B5-3DC2-3753-B85A-52C99EE5A8D6}.Release|x64.Build.0 = Release|x64
		{F9B759A1-EE15-3F95-93D3-76A3A14E42DF}.Debug|x64.ActiveCfg = Debug|x64
		{F9B759A1-EE15-3F95-93D3-76A3A14E42DF}.Debug|x64.Build.0 = Debug|x64
		{F9B759A1-EE15-3F95-93D3-76A3A14E42DF}.Profile|x64.ActiveCfg = Profile|x64
		{F9B759A1-EE15-3F95-93D3-76A3A14E42DF}.Profile|x64.Build.0 = Profile|x64
		{F9B759A1-EE15-3F95-93D3-76A3A14E42DF}.Release|x64.ActiveCfg = Release|x64
		{F9B759A1-EE15-3F95-93D3-76A3A14E42DF}.Release|x64.Build.0 = Release|x64
	EndGlobalSection
	GlobalSection(ExtensibilityGlobals) = postSolution
		SolutionGuid = {13830298-28FE-3816-8DA7-C1574C7D53EA}
	EndGlobalSection
	GlobalSection(ExtensibilityAddIns) = postSolution
	EndGlobalSection
EndGlobal
